
Microsoft Visual Studio Solution File, Format Version 12.00
# Visual Studio Version 17
VisualStudioVersion = 17.4.32804.182
MinimumVisualStudioVersion = 10.0.40219.1
Project("{9A19103F-16F7-4668-BE54-9A1E7A4F7556}") = "SiteGen.Cli", "src\SiteGen.Cli\SiteGen.Cli.csproj", "{8A0B4C23-B581-4475-9ACC-BA632360DC79}"
EndProject
Project("{9A19103F-16F7-4668-BE54-9A1E7A4F7556}") = "SiteGen.Core", "src\SiteGen.Core\SiteGen.Core.csproj", "{9756BBB7-E0FE-4C79-8B4A-4DF370BC8CE7}"
EndProject
Project("{9A19103F-16F7-4668-BE54-9A1E7A4F7556}") = "SiteGen.Extensions.Markdown.Prism", "src\SiteGen.Extensions.Markdown.Prism\SiteGen.Extensions.Markdown.Prism.csproj", "{561E5856-A32C-46C8-B008-7054D7E3E5A9}"
EndProject
Project("{FAE04EC0-301F-11D3-BF4B-00C04F79EFBC}") = "SiteGen.Tests", "tests\SiteGen.Tests\SiteGen.Tests.csproj", "{EA6501B2-937C-451E-9CEA-872AD9B1F15B}"
EndProject
Project("{9A19103F-16F7-4668-BE54-9A1E7A4F7556}") = "SiteGen.Extensions.Markdown.Monaco", "src\SiteGen.Extensions.Markdown.Monaco\SiteGen.Extensions.Markdown.Monaco.csproj", "{17FEE8E7-1E95-4649-9C1A-6C148E60C11A}"
EndProject
Project("{2150E333-8FDC-42A3-9474-1A3956D46DE8}") = "docs", "docs", "{02EA681E-C7D8-13C7-8484-4AC65E1B71E8}"
	ProjectSection(SolutionItems) = preProject
		LICENSE.txt = LICENSE.txt
		README.md = README.md
	EndProjectSection
EndProject
Global
	GlobalSection(SolutionConfigurationPlatforms) = preSolution
		Debug|Any CPU = Debug|Any CPU
		Release|Any CPU = Release|Any CPU
	EndGlobalSection
	GlobalSection(ProjectConfigurationPlatforms) = postSolution
		{8A0B4C23-B581-4475-9ACC-BA632360DC79}.Debug|Any CPU.ActiveCfg = Debug|Any CPU
		{8A0B4C23-B581-4475-9ACC-BA632360DC79}.Debug|Any CPU.Build.0 = Debug|Any CPU
		{8A0B4C23-B581-4475-9ACC-BA632360DC79}.Release|Any CPU.ActiveCfg = Release|Any CPU
		{8A0B4C23-B581-4475-9ACC-BA632360DC79}.Release|Any CPU.Build.0 = Release|Any CPU
		{9756BBB7-E0FE-4C79-8B4A-4DF370BC8CE7}.Debug|Any CPU.ActiveCfg = Debug|Any CPU
		{9756BBB7-E0FE-4C79-8B4A-4DF370BC8CE7}.Debug|Any CPU.Build.0 = Debug|Any CPU
		{9756BBB7-E0FE-4C79-8B4A-4DF370BC8CE7}.Release|Any CPU.ActiveCfg = Release|Any CPU
		{9756BBB7-E0FE-4C79-8B4A-4DF370BC8CE7}.Release|Any CPU.Build.0 = Release|Any CPU
		{561E5856-A32C-46C8-B008-7054D7E3E5A9}.Debug|Any CPU.ActiveCfg = Debug|Any CPU
		{561E5856-A32C-46C8-B008-7054D7E3E5A9}.Debug|Any CPU.Build.0 = Debug|Any CPU
		{561E5856-A32C-46C8-B008-7054D7E3E5A9}.Release|Any CPU.ActiveCfg = Release|Any CPU
		{561E5856-A32C-46C8-B008-7054D7E3E5A9}.Release|Any CPU.Build.0 = Release|Any CPU
		{EA6501B2-937C-451E-9CEA-872AD9B1F15B}.Debug|Any CPU.ActiveCfg = Debug|Any CPU
		{EA6501B2-937C-451E-9CEA-872AD9B1F15B}.Debug|Any CPU.Build.0 = Debug|Any CPU
		{EA6501B2-937C-451E-9CEA-872AD9B1F15B}.Release|Any CPU.ActiveCfg = Release|Any CPU
		{EA6501B2-937C-451E-9CEA-872AD9B1F15B}.Release|Any CPU.Build.0 = Release|Any CPU
		{17FEE8E7-1E95-4649-9C1A-6C148E60C11A}.Debug|Any CPU.ActiveCfg = Debug|Any CPU
		{17FEE8E7-1E95-4649-9C1A-6C148E60C11A}.Debug|Any CPU.Build.0 = Debug|Any CPU
		{17FEE8E7-1E95-4649-9C1A-6C148E60C11A}.Release|Any CPU.ActiveCfg = Release|Any CPU
		{17FEE8E7-1E95-4649-9C1A-6C148E60C11A}.Release|Any CPU.Build.0 = Release|Any CPU
	EndGlobalSection
	GlobalSection(SolutionProperties) = preSolution
		HideSolutionNode = FALSE
	EndGlobalSection
	GlobalSection(ExtensibilityGlobals) = postSolution
		SolutionGuid = {3CA57D75-A211-42F0-AA28-B25DE81E6E4E}
	EndGlobalSection
EndGlobal
